Microsoft Visual Studio Solution File, Format Version 12.00
# Visual Studio Version 17
VisualStudioVersion = 17.5.2.0
MinimumVisualStudioVersion = 10.0.40219.1
Project("{FAE04EC0-301F-11D3-BF4B-00C04F79EFBC}") = "tarea3", "tarea3.csproj", "{DC0DFAD5-BAEE-5FAC-8D44-0486D7D95603}"
EndProject
Global
	GlobalSection(SolutionConfigurationPlatforms) = preSolution
		Debug|Any CPU = Debug|Any CPU
		Release|Any CPU = Release|Any CPU
	EndGlobalSection
	GlobalSection(ProjectConfigurationPlatforms) = postSolution
		{DC0DFAD5-BAEE-5FAC-8D44-0486D7D95603}.Debug|Any CPU.ActiveCfg = Debug|Any CPU
		{DC0DFAD5-BAEE-5FAC-8D44-0486D7D95603}.Debug|Any CPU.Build.0 = Debug|Any CPU
		{DC0DFAD5-BAEE-5FAC-8D44-0486D7D95603}.Release|Any CPU.ActiveCfg = Release|Any CPU
		{DC0DFAD5-BAEE-5FAC-8D44-0486D7D95603}.Release|Any CPU.Build.0 = Release|Any CPU
	EndGlobalSection
	GlobalSection(SolutionProperties) = preSolution
		HideSolutionNode = FALSE
	EndGlobalSection
	GlobalSection(ExtensibilityGlobals) = postSolution
		SolutionGuid = {08E70001-9B34-4B38-B94B-AA12152FAEDA}
	EndGlobalSection
EndGlobal
